# This file is automatically @generated by Cargo.
# It is not intended for manual editing.
version = 3

[[package]]
name = "aoc-traits"
version = "0.1.0"
source = "git+https://github.com/dkales/adventofcode2023-leaderboard?rev=ac544663758c2dca2ee892fd7ab59419999350dc#ac544663758c2dca2ee892fd7ab59419999350dc"

[[package]]
name = "day5"
version = "0.1.0"
dependencies = [
 "aoc-traits",
]
